// !$*UTF8*$!
{
	archiveVersion = 1;
	classes = {
	};
	objectVersion = 52;
	objects = {

/* Begin PBXBuildFile section */
		0218AF3E25C52EE9006D2E49 /* AccountCreation.swift in Sources */ = {isa = PBXBuildFile; fileRef = 0218AF3D25C52EE9006D2E49 /* AccountCreation.swift */; };
		0218AF3F25C52EE9006D2E49 /* AccountCreation.swift in Sources */ = {isa = PBXBuildFile; fileRef = 0218AF3D25C52EE9006D2E49 /* AccountCreation.swift */; };
		0218AF4425C534DD006D2E49 /* PhotoCaptureView.swift in Sources */ = {isa = PBXBuildFile; fileRef = 0218AF4325C534DD006D2E49 /* PhotoCaptureView.swift */; };
		0218AF4525C534DD006D2E49 /* PhotoCaptureView.swift in Sources */ = {isa = PBXBuildFile; fileRef = 0218AF4325C534DD006D2E49 /* PhotoCaptureView.swift */; };
		0218AF4925C534F7006D2E49 /* ImagePicker.swift in Sources */ = {isa = PBXBuildFile; fileRef = 0218AF4825C534F7006D2E49 /* ImagePicker.swift */; };
		0218AF4A25C534F7006D2E49 /* ImagePicker.swift in Sources */ = {isa = PBXBuildFile; fileRef = 0218AF4825C534F7006D2E49 /* ImagePicker.swift */; };
		0218AF5925C53653006D2E49 /* Account.swift in Sources */ = {isa = PBXBuildFile; fileRef = 0218AF5825C53653006D2E49 /* Account.swift */; };
		0218AF5A25C53653006D2E49 /* Account.swift in Sources */ = {isa = PBXBuildFile; fileRef = 0218AF5825C53653006D2E49 /* Account.swift */; };
		0218AF6025C536F9006D2E49 /* AccountViewModel.swift in Sources */ = {isa = PBXBuildFile; fileRef = 0218AF5F25C536F9006D2E49 /* AccountViewModel.swift */; };
		0218AF6125C536F9006D2E49 /* AccountViewModel.swift in Sources */ = {isa = PBXBuildFile; fileRef = 0218AF5F25C536F9006D2E49 /* AccountViewModel.swift */; };
		0218AF6725C58A72006D2E49 /* Indicator.swift in Sources */ = {isa = PBXBuildFile; fileRef = 0218AF6625C58A72006D2E49 /* Indicator.swift */; };
		0218AF6825C58A72006D2E49 /* Indicator.swift in Sources */ = {isa = PBXBuildFile; fileRef = 0218AF6625C58A72006D2E49 /* Indicator.swift */; };
		0258A88925C02CCB00DD7FD6 /* AuroraApp.swift in Sources */ = {isa = PBXBuildFile; fileRef = 0258A87625C02CCA00DD7FD6 /* AuroraApp.swift */; };
		0258A88A25C02CCB00DD7FD6 /* AuroraApp.swift in Sources */ = {isa = PBXBuildFile; fileRef = 0258A87625C02CCA00DD7FD6 /* AuroraApp.swift */; };
		0258A88B25C02CCB00DD7FD6 /* ContentView.swift in Sources */ = {isa = PBXBuildFile; fileRef = 0258A87725C02CCA00DD7FD6 /* ContentView.swift */; };
		0258A88C25C02CCB00DD7FD6 /* ContentView.swift in Sources */ = {isa = PBXBuildFile; fileRef = 0258A87725C02CCA00DD7FD6 /* ContentView.swift */; };
		0258A88D25C02CCB00DD7FD6 /* Assets.xcassets in Resources */ = {isa = PBXBuildFile; fileRef = 0258A87825C02CCB00DD7FD6 /* Assets.xcassets */; };
		0258A88E25C02CCB00DD7FD6 /* Assets.xcassets in Resources */ = {isa = PBXBuildFile; fileRef = 0258A87825C02CCB00DD7FD6 /* Assets.xcassets */; };
		0258A89A25C02D2400DD7FD6 /* GoogleService-Info.plist in Resources */ = {isa = PBXBuildFile; fileRef = 0258A89925C02D2400DD7FD6 /* GoogleService-Info.plist */; };
		0258A89B25C02D2400DD7FD6 /* GoogleService-Info.plist in Resources */ = {isa = PBXBuildFile; fileRef = 0258A89925C02D2400DD7FD6 /* GoogleService-Info.plist */; };
		0258A8A025C02E7600DD7FD6 /* FirebaseAnalytics in Frameworks */ = {isa = PBXBuildFile; productRef = 0258A89F25C02E7600DD7FD6 /* FirebaseAnalytics */; };
		0258A8A225C02E7600DD7FD6 /* FirebaseStorage in Frameworks */ = {isa = PBXBuildFile; productRef = 0258A8A125C02E7600DD7FD6 /* FirebaseStorage */; };
		0258A8A425C02E7600DD7FD6 /* FirebaseAuth in Frameworks */ = {isa = PBXBuildFile; productRef = 0258A8A325C02E7600DD7FD6 /* FirebaseAuth */; };
		0258A8A625C02E7600DD7FD6 /* FirebaseFirestore in Frameworks */ = {isa = PBXBuildFile; productRef = 0258A8A525C02E7600DD7FD6 /* FirebaseFirestore */; };
		0258A8A825C02E7600DD7FD6 /* FirebaseDatabase in Frameworks */ = {isa = PBXBuildFile; productRef = 0258A8A725C02E7600DD7FD6 /* FirebaseDatabase */; };
		0258A8B825C033A400DD7FD6 /* Home.swift in Sources */ = {isa = PBXBuildFile; fileRef = 0258A8B725C033A400DD7FD6 /* Home.swift */; };
		0258A8B925C033A400DD7FD6 /* Home.swift in Sources */ = {isa = PBXBuildFile; fileRef = 0258A8B725C033A400DD7FD6 /* Home.swift */; };
		0258A8C225C0A0E300DD7FD6 /* Login.swift in Sources */ = {isa = PBXBuildFile; fileRef = 0258A8C125C0A0E300DD7FD6 /* Login.swift */; };
		0258A8C325C0A0E300DD7FD6 /* Login.swift in Sources */ = {isa = PBXBuildFile; fileRef = 0258A8C125C0A0E300DD7FD6 /* Login.swift */; };
		0258A8CA25C0D6E600DD7FD6 /* LoginViewModel.swift in Sources */ = {isa = PBXBuildFile; fileRef = 0258A8C925C0D6E600DD7FD6 /* LoginViewModel.swift */; };
		0258A8CB25C0D6E600DD7FD6 /* LoginViewModel.swift in Sources */ = {isa = PBXBuildFile; fileRef = 0258A8C925C0D6E600DD7FD6 /* LoginViewModel.swift */; };
		0258A8D025C0D85600DD7FD6 /* File.swift in Sources */ = {isa = PBXBuildFile; fileRef = 0258A8CF25C0D85600DD7FD6 /* File.swift */; };
		0258A8D125C0D85600DD7FD6 /* File.swift in Sources */ = {isa = PBXBuildFile; fileRef = 0258A8CF25C0D85600DD7FD6 /* File.swift */; };
		0258A8E425C18C2100DD7FD6 /* AlertView.swift in Sources */ = {isa = PBXBuildFile; fileRef = 0258A8E325C18C2100DD7FD6 /* AlertView.swift */; };
		0258A8E525C18C2100DD7FD6 /* AlertView.swift in Sources */ = {isa = PBXBuildFile; fileRef = 0258A8E325C18C2100DD7FD6 /* AlertView.swift */; };
		0258A8EB25C1F2FA00DD7FD6 /* Verification.swift in Sources */ = {isa = PBXBuildFile; fileRef = 0258A8EA25C1F2FA00DD7FD6 /* Verification.swift */; };
		0258A8EC25C1F2FA00DD7FD6 /* Verification.swift in Sources */ = {isa = PBXBuildFile; fileRef = 0258A8EA25C1F2FA00DD7FD6 /* Verification.swift */; };
/* End PBXBuildFile section */

/* Begin PBXFileReference section */
		0218AF3D25C52EE9006D2E49 /* AccountCreation.swift */ = {isa = PBXFileReference; lastKnownFileType = sourcecode.swift; path = AccountCreation.swift; sourceTree = "<group>"; };
		0218AF4325C534DD006D2E49 /* PhotoCaptureView.swift */ = {isa = PBXFileReference; lastKnownFileType = sourcecode.swift; path = PhotoCaptureView.swift; sourceTree = "<group>"; };
		0218AF4825C534F7006D2E49 /* ImagePicker.swift */ = {isa = PBXFileReference; lastKnownFileType = sourcecode.swift; path = ImagePicker.swift; sourceTree = "<group>"; };
		0218AF5825C53653006D2E49 /* Account.swift */ = {isa = PBXFileReference; lastKnownFileType = sourcecode.swift; path = Account.swift; sourceTree = "<group>"; };
		0218AF5F25C536F9006D2E49 /* AccountViewModel.swift */ = {isa = PBXFileReference; lastKnownFileType = sourcecode.swift; path = AccountViewModel.swift; sourceTree = "<group>"; };
		0218AF6625C58A72006D2E49 /* Indicator.swift */ = {isa = PBXFileReference; lastKnownFileType = sourcecode.swift; path = Indicator.swift; sourceTree = "<group>"; };
		0258A87625C02CCA00DD7FD6 /* AuroraApp.swift */ = {isa = PBXFileReference; lastKnownFileType = sourcecode.swift; path = AuroraApp.swift; sourceTree = "<group>"; };
		0258A87725C02CCA00DD7FD6 /* ContentView.swift */ = {isa = PBXFileReference; lastKnownFileType = sourcecode.swift; path = ContentView.swift; sourceTree = "<group>"; };
		0258A87825C02CCB00DD7FD6 /* Assets.xcassets */ = {isa = PBXFileReference; lastKnownFileType = folder.assetcatalog; path = Assets.xcassets; sourceTree = "<group>"; };
		0258A87D25C02CCB00DD7FD6 /* Aurora.app */ = {isa = PBXFileReference; explicitFileType = wrapper.application; includeInIndex = 0; path = Aurora.app; sourceTree = BUILT_PRODUCTS_DIR; };
		0258A88025C02CCB00DD7FD6 /* Info.plist */ = {isa = PBXFileReference; lastKnownFileType = text.plist.xml; path = Info.plist; sourceTree = "<group>"; };
		0258A88525C02CCB00DD7FD6 /* Aurora.app */ = {isa = PBXFileReference; explicitFileType = wrapper.application; includeInIndex = 0; path = Aurora.app; sourceTree = BUILT_PRODUCTS_DIR; };
		0258A88725C02CCB00DD7FD6 /* Info.plist */ = {isa = PBXFileReference; lastKnownFileType = text.plist.xml; path = Info.plist; sourceTree = "<group>"; };
		0258A88825C02CCB00DD7FD6 /* macOS.entitlements */ = {isa = PBXFileReference; lastKnownFileType = text.plist.entitlements; path = macOS.entitlements; sourceTree = "<group>"; };
		0258A89925C02D2400DD7FD6 /* GoogleService-Info.plist */ = {isa = PBXFileReference; fileEncoding = 4; lastKnownFileType = text.plist.xml; path = "GoogleService-Info.plist"; sourceTree = "<group>"; };
		0258A8B725C033A400DD7FD6 /* Home.swift */ = {isa = PBXFileReference; lastKnownFileType = sourcecode.swift; path = Home.swift; sourceTree = "<group>"; };
		0258A8C125C0A0E300DD7FD6 /* Login.swift */ = {isa = PBXFileReference; lastKnownFileType = sourcecode.swift; path = Login.swift; sourceTree = "<group>"; };
		0258A8C925C0D6E600DD7FD6 /* LoginViewModel.swift */ = {isa = PBXFileReference; lastKnownFileType = sourcecode.swift; path = LoginViewModel.swift; sourceTree = "<group>"; };
		0258A8CF25C0D85600DD7FD6 /* File.swift */ = {isa = PBXFileReference; lastKnownFileType = sourcecode.swift; path = File.swift; sourceTree = "<group>"; };
		0258A8E325C18C2100DD7FD6 /* AlertView.swift */ = {isa = PBXFileReference; lastKnownFileType = sourcecode.swift; path = AlertView.swift; sourceTree = "<group>"; };
		0258A8EA25C1F2FA00DD7FD6 /* Verification.swift */ = {isa = PBXFileReference; lastKnownFileType = sourcecode.swift; path = Verification.swift; sourceTree = "<group>"; };
/* End PBXFileReference section */

/* Begin PBXFrameworksBuildPhase section */
		0258A87A25C02CCB00DD7FD6 /* Frameworks */ = {
			isa = PBXFrameworksBuildPhase;
			buildActionMask = 2147483647;
			files = (
				0258A8A825C02E7600DD7FD6 /* FirebaseDatabase in Frameworks */,
				0258A8A025C02E7600DD7FD6 /* FirebaseAnalytics in Frameworks */,
				0258A8A625C02E7600DD7FD6 /* FirebaseFirestore in Frameworks */,
				0258A8A425C02E7600DD7FD6 /* FirebaseAuth in Frameworks */,
				0258A8A225C02E7600DD7FD6 /* FirebaseStorage in Frameworks */,
			);
			runOnlyForDeploymentPostprocessing = 0;
		};
		0258A88225C02CCB00DD7FD6 /* Frameworks */ = {
			isa = PBXFrameworksBuildPhase;
			buildActionMask = 2147483647;
			files = (
			);
			runOnlyForDeploymentPostprocessing = 0;
		};
/* End PBXFrameworksBuildPhase section */

/* Begin PBXGroup section */
		0218AF5125C5353D006D2E49 /* Helpers */ = {
			isa = PBXGroup;
			children = (
				0218AF4325C534DD006D2E49 /* PhotoCaptureView.swift */,
				0258A8E325C18C2100DD7FD6 /* AlertView.swift */,
				0218AF6625C58A72006D2E49 /* Indicator.swift */,
			);
			path = Helpers;
			sourceTree = "<group>";
		};
		0258A87025C02CCA00DD7FD6 = {
			isa = PBXGroup;
			children = (
				0258A87525C02CCA00DD7FD6 /* Shared */,
				0258A87F25C02CCB00DD7FD6 /* iOS */,
				0258A88625C02CCB00DD7FD6 /* macOS */,
				0258A87E25C02CCB00DD7FD6 /* Products */,
			);
			sourceTree = "<group>";
		};
		0258A87525C02CCA00DD7FD6 /* Shared */ = {
			isa = PBXGroup;
			children = (
				0258A8DD25C18B9000DD7FD6 /* Utilities */,
				0258A8CE25C0D84C00DD7FD6 /* Model */,
				0258A8C825C0D6D400DD7FD6 /* ViewModel */,
				0258A8C025C0A0CE00DD7FD6 /* View */,
				0258A87625C02CCA00DD7FD6 /* AuroraApp.swift */,
				0258A89925C02D2400DD7FD6 /* GoogleService-Info.plist */,
				0258A87825C02CCB00DD7FD6 /* Assets.xcassets */,
			);
			path = Shared;
			sourceTree = "<group>";
		};
		0258A87E25C02CCB00DD7FD6 /* Products */ = {
			isa = PBXGroup;
			children = (
				0258A87D25C02CCB00DD7FD6 /* Aurora.app */,
				0258A88525C02CCB00DD7FD6 /* Aurora.app */,
			);
			name = Products;
			sourceTree = "<group>";
		};
		0258A87F25C02CCB00DD7FD6 /* iOS */ = {
			isa = PBXGroup;
			children = (
				0258A88025C02CCB00DD7FD6 /* Info.plist */,
			);
			path = iOS;
			sourceTree = "<group>";
		};
		0258A88625C02CCB00DD7FD6 /* macOS */ = {
			isa = PBXGroup;
			children = (
				0258A88725C02CCB00DD7FD6 /* Info.plist */,
				0258A88825C02CCB00DD7FD6 /* macOS.entitlements */,
			);
			path = macOS;
			sourceTree = "<group>";
		};
		0258A8C025C0A0CE00DD7FD6 /* View */ = {
			isa = PBXGroup;
			children = (
				0258A87725C02CCA00DD7FD6 /* ContentView.swift */,
				0258A8C125C0A0E300DD7FD6 /* Login.swift */,
				0258A8EA25C1F2FA00DD7FD6 /* Verification.swift */,
				0218AF3D25C52EE9006D2E49 /* AccountCreation.swift */,
				0258A8B725C033A400DD7FD6 /* Home.swift */,
				0218AF5125C5353D006D2E49 /* Helpers */,
			);
			path = View;
			sourceTree = "<group>";
		};
		0258A8C825C0D6D400DD7FD6 /* ViewModel */ = {
			isa = PBXGroup;
			children = (
				0258A8C925C0D6E600DD7FD6 /* LoginViewModel.swift */,
				0218AF5F25C536F9006D2E49 /* AccountViewModel.swift */,
			);
			path = ViewModel;
			sourceTree = "<group>";
		};
		0258A8CE25C0D84C00DD7FD6 /* Model */ = {
			isa = PBXGroup;
			children = (
				0258A8CF25C0D85600DD7FD6 /* File.swift */,
				0218AF5825C53653006D2E49 /* Account.swift */,
			);
			path = Model;
			sourceTree = "<group>";
		};
		0258A8DD25C18B9000DD7FD6 /* Utilities */ = {
			isa = PBXGroup;
			children = (
				0218AF4825C534F7006D2E49 /* ImagePicker.swift */,
			);
			path = Utilities;
			sourceTree = "<group>";
		};
/* End PBXGroup section */

/* Begin PBXNativeTarget section */
		0258A87C25C02CCB00DD7FD6 /* Aurora (iOS) */ = {
			isa = PBXNativeTarget;
			buildConfigurationList = 0258A89125C02CCB00DD7FD6 /* Build configuration list for PBXNativeTarget "Aurora (iOS)" */;
			buildPhases = (
				0258A87925C02CCB00DD7FD6 /* Sources */,
				0258A87A25C02CCB00DD7FD6 /* Frameworks */,
				0258A87B25C02CCB00DD7FD6 /* Resources */,
			);
			buildRules = (
			);
			dependencies = (
			);
			name = "Aurora (iOS)";
			packageProductDependencies = (
				0258A89F25C02E7600DD7FD6 /* FirebaseAnalytics */,
				0258A8A125C02E7600DD7FD6 /* FirebaseStorage */,
				0258A8A325C02E7600DD7FD6 /* FirebaseAuth */,
				0258A8A525C02E7600DD7FD6 /* FirebaseFirestore */,
				0258A8A725C02E7600DD7FD6 /* FirebaseDatabase */,
			);
			productName = "Aurora (iOS)";
			productReference = 0258A87D25C02CCB00DD7FD6 /* Aurora.app */;
			productType = "com.apple.product-type.application";
		};
		0258A88425C02CCB00DD7FD6 /* Aurora (macOS) */ = {
			isa = PBXNativeTarget;
			buildConfigurationList = 0258A89425C02CCB00DD7FD6 /* Build configuration list for PBXNativeTarget "Aurora (macOS)" */;
			buildPhases = (
				0258A88125C02CCB00DD7FD6 /* Sources */,
				0258A88225C02CCB00DD7FD6 /* Frameworks */,
				0258A88325C02CCB00DD7FD6 /* Resources */,
			);
			buildRules = (
			);
			dependencies = (
			);
			name = "Aurora (macOS)";
			productName = "Aurora (macOS)";
			productReference = 0258A88525C02CCB00DD7FD6 /* Aurora.app */;
			productType = "com.apple.product-type.application";
		};
/* End PBXNativeTarget section */

/* Begin PBXProject section */
		0258A87125C02CCA00DD7FD6 /* Project object */ = {
			isa = PBXProject;
			attributes = {
				LastSwiftUpdateCheck = 1230;
				LastUpgradeCheck = 1230;
				TargetAttributes = {
					0258A87C25C02CCB00DD7FD6 = {
						CreatedOnToolsVersion = 12.3;
					};
					0258A88425C02CCB00DD7FD6 = {
						CreatedOnToolsVersion = 12.3;
					};
				};
			};
			buildConfigurationList = 0258A87425C02CCA00DD7FD6 /* Build configuration list for PBXProject "Aurora" */;
			compatibilityVersion = "Xcode 9.3";
			developmentRegion = en;
			hasScannedForEncodings = 0;
			knownRegions = (
				en,
				Base,
			);
			mainGroup = 0258A87025C02CCA00DD7FD6;
			packageReferences = (
				0258A89E25C02E7600DD7FD6 /* XCRemoteSwiftPackageReference "firebase-ios-sdk" */,
			);
			productRefGroup = 0258A87E25C02CCB00DD7FD6 /* Products */;
			projectDirPath = "";
			projectRoot = "";
			targets = (
				0258A87C25C02CCB00DD7FD6 /* Aurora (iOS) */,
				0258A88425C02CCB00DD7FD6 /* Aurora (macOS) */,
			);
		};
/* End PBXProject section */

/* Begin PBXResourcesBuildPhase section */
		0258A87B25C02CCB00DD7FD6 /* Resources */ = {
			isa = PBXResourcesBuildPhase;
			buildActionMask = 2147483647;
			files = (
				0258A88D25C02CCB00DD7FD6 /* Assets.xcassets in Resources */,
				0258A89A25C02D2400DD7FD6 /* GoogleService-Info.plist in Resources */,
			);
			runOnlyForDeploymentPostprocessing = 0;
		};
		0258A88325C02CCB00DD7FD6 /* Resources */ = {
			isa = PBXResourcesBuildPhase;
			buildActionMask = 2147483647;
			files = (
				0258A88E25C02CCB00DD7FD6 /* Assets.xcassets in Resources */,
				0258A89B25C02D2400DD7FD6 /* GoogleService-Info.plist in Resources */,
			);
			runOnlyForDeploymentPostprocessing = 0;
		};
/* End PBXResourcesBuildPhase section */

/* Begin PBXSourcesBuildPhase section */
		0258A87925C02CCB00DD7FD6 /* Sources */ = {
			isa = PBXSourcesBuildPhase;
			buildActionMask = 2147483647;
			files = (
				0218AF4925C534F7006D2E49 /* ImagePicker.swift in Sources */,
				0218AF6725C58A72006D2E49 /* Indicator.swift in Sources */,
				0258A8EB25C1F2FA00DD7FD6 /* Verification.swift in Sources */,
				0218AF3E25C52EE9006D2E49 /* AccountCreation.swift in Sources */,
				0218AF6025C536F9006D2E49 /* AccountViewModel.swift in Sources */,
				0258A88B25C02CCB00DD7FD6 /* ContentView.swift in Sources */,
				0258A8E425C18C2100DD7FD6 /* AlertView.swift in Sources */,
				0258A8B825C033A400DD7FD6 /* Home.swift in Sources */,
				0258A8C225C0A0E300DD7FD6 /* Login.swift in Sources */,
				0258A88925C02CCB00DD7FD6 /* AuroraApp.swift in Sources */,
				0218AF5925C53653006D2E49 /* Account.swift in Sources */,
				0258A8D025C0D85600DD7FD6 /* File.swift in Sources */,
				0218AF4425C534DD006D2E49 /* PhotoCaptureView.swift in Sources */,
				0258A8CA25C0D6E600DD7FD6 /* LoginViewModel.swift in Sources */,
			);
			runOnlyForDeploymentPostprocessing = 0;
		};
		0258A88125C02CCB00DD7FD6 /* Sources */ = {
			isa = PBXSourcesBuildPhase;
			buildActionMask = 2147483647;
			files = (
				0218AF4A25C534F7006D2E49 /* ImagePicker.swift in Sources */,
				0218AF6825C58A72006D2E49 /* Indicator.swift in Sources */,
				0258A8EC25C1F2FA00DD7FD6 /* Verification.swift in Sources */,
				0218AF3F25C52EE9006D2E49 /* AccountCreation.swift in Sources */,
				0218AF6125C536F9006D2E49 /* AccountViewModel.swift in Sources */,
				0258A88C25C02CCB00DD7FD6 /* ContentView.swift in Sources */,
				0258A8E525C18C2100DD7FD6 /* AlertView.swift in Sources */,
				0258A8B925C033A400DD7FD6 /* Home.swift in Sources */,
				0258A8C325C0A0E300DD7FD6 /* Login.swift in Sources */,
				0258A88A25C02CCB00DD7FD6 /* AuroraApp.swift in Sources */,
				0218AF5A25C53653006D2E49 /* Account.swift in Sources */,
				0258A8D125C0D85600DD7FD6 /* File.swift in Sources */,
				0218AF4525C534DD006D2E49 /* PhotoCaptureView.swift in Sources */,
				0258A8CB25C0D6E600DD7FD6 /* LoginViewModel.swift in Sources */,
			);
			runOnlyForDeploymentPostprocessing = 0;
		};
/* End PBXSourcesBuildPhase section */

/* Begin XCBuildConfiguration section */
		0258A88F25C02CCB00DD7FD6 /* Debug */ = {
			isa = XCBuildConfiguration;
			buildSettings = {
				ALWAYS_SEARCH_USER_PATHS = NO;
				CLANG_ANALYZER_NONNULL = YES;
				CLANG_ANALYZER_NUMBER_OBJECT_CONVERSION = YES_AGGRESSIVE;
				CLANG_CXX_LANGUAGE_STANDARD = "gnu++14";
				CLANG_CXX_LIBRARY = "libc++";
				CLANG_ENABLE_MODULES = YES;
				CLANG_ENABLE_OBJC_ARC = YES;
				CLANG_ENABLE_OBJC_WEAK = YES;
				CLANG_WARN_BLOCK_CAPTURE_AUTORELEASING = YES;
				CLANG_WARN_BOOL_CONVERSION = YES;
				CLANG_WARN_COMMA = YES;
				CLANG_WARN_CONSTANT_CONVERSION = YES;
				CLANG_WARN_DEPRECATED_OBJC_IMPLEMENTATIONS = YES;
				CLANG_WARN_DIRECT_OBJC_ISA_USAGE = YES_ERROR;
				CLANG_WARN_DOCUMENTATION_COMMENTS = YES;
				CLANG_WARN_EMPTY_BODY = YES;
				CLANG_WARN_ENUM_CONVERSION = YES;
				CLANG_WARN_INFINITE_RECURSION = YES;
				CLANG_WARN_INT_CONVERSION = YES;
				CLANG_WARN_NON_LITERAL_NULL_CONVERSION = YES;
				CLANG_WARN_OBJC_IMPLICIT_RETAIN_SELF = YES;
				CLANG_WARN_OBJC_LITERAL_CONVERSION = YES;
				CLANG_WARN_OBJC_ROOT_CLASS = YES_ERROR;
				CLANG_WARN_QUOTED_INCLUDE_IN_FRAMEWORK_HEADER = YES;
				CLANG_WARN_RANGE_LOOP_ANALYSIS = YES;
				CLANG_WARN_STRICT_PROTOTYPES = YES;
				CLANG_WARN_SUSPICIOUS_MOVE = YES;
				CLANG_WARN_UNGUARDED_AVAILABILITY = YES_AGGRESSIVE;
				CLANG_WARN_UNREACHABLE_CODE = YES;
				CLANG_WARN__DUPLICATE_METHOD_MATCH = YES;
				COPY_PHASE_STRIP = NO;
				DEBUG_INFORMATION_FORMAT = dwarf;
				ENABLE_STRICT_OBJC_MSGSEND = YES;
				ENABLE_TESTABILITY = YES;
				GCC_C_LANGUAGE_STANDARD = gnu11;
				GCC_DYNAMIC_NO_PIC = NO;
				GCC_NO_COMMON_BLOCKS = YES;
				GCC_OPTIMIZATION_LEVEL = 0;
				GCC_PREPROCESSOR_DEFINITIONS = (
					"DEBUG=1",
					"$(inherited)",
				);
				GCC_WARN_64_TO_32_BIT_CONVERSION = YES;
				GCC_WARN_ABOUT_RETURN_TYPE = YES_ERROR;
				GCC_WARN_UNDECLARED_SELECTOR = YES;
				GCC_WARN_UNINITIALIZED_AUTOS = YES_AGGRESSIVE;
				GCC_WARN_UNUSED_FUNCTION = YES;
				GCC_WARN_UNUSED_VARIABLE = YES;
				MTL_ENABLE_DEBUG_INFO = INCLUDE_SOURCE;
				MTL_FAST_MATH = YES;
				ONLY_ACTIVE_ARCH = YES;
				SWIFT_ACTIVE_COMPILATION_CONDITIONS = DEBUG;
				SWIFT_OPTIMIZATION_LEVEL = "-Onone";
			};
			name = Debug;
		};
		0258A89025C02CCB00DD7FD6 /* Release */ = {
			isa = XCBuildConfiguration;
			buildSettings = {
				ALWAYS_SEARCH_USER_PATHS = NO;
				CLANG_ANALYZER_NONNULL = YES;
				CLANG_ANALYZER_NUMBER_OBJECT_CONVERSION = YES_AGGRESSIVE;
				CLANG_CXX_LANGUAGE_STANDARD = "gnu++14";
				CLANG_CXX_LIBRARY = "libc++";
				CLANG_ENABLE_MODULES = YES;
				CLANG_ENABLE_OBJC_ARC = YES;
				CLANG_ENABLE_OBJC_WEAK = YES;
				CLANG_WARN_BLOCK_CAPTURE_AUTORELEASING = YES;
				CLANG_WARN_BOOL_CONVERSION = YES;
				CLANG_WARN_COMMA = YES;
				CLANG_WARN_CONSTANT_CONVERSION = YES;
				CLANG_WARN_DEPRECATED_OBJC_IMPLEMENTATIONS = YES;
				CLANG_WARN_DIRECT_OBJC_ISA_USAGE = YES_ERROR;
				CLANG_WARN_DOCUMENTATION_COMMENTS = YES;
				CLANG_WARN_EMPTY_BODY = YES;
				CLANG_WARN_ENUM_CONVERSION = YES;
				CLANG_WARN_INFINITE_RECURSION = YES;
				CLANG_WARN_INT_CONVERSION = YES;
				CLANG_WARN_NON_LITERAL_NULL_CONVERSION = YES;
				CLANG_WARN_OBJC_IMPLICIT_RETAIN_SELF = YES;
				CLANG_WARN_OBJC_LITERAL_CONVERSION = YES;
				CLANG_WARN_OBJC_ROOT_CLASS = YES_ERROR;
				CLANG_WARN_QUOTED_INCLUDE_IN_FRAMEWORK_HEADER = YES;
				CLANG_WARN_RANGE_LOOP_ANALYSIS = YES;
				CLANG_WARN_STRICT_PROTOTYPES = YES;
				CLANG_WARN_SUSPICIOUS_MOVE = YES;
				CLANG_WARN_UNGUARDED_AVAILABILITY = YES_AGGRESSIVE;
				CLANG_WARN_UNREACHABLE_CODE = YES;
				CLANG_WARN__DUPLICATE_METHOD_MATCH = YES;
				COPY_PHASE_STRIP = NO;
				DEBUG_INFORMATION_FORMAT = "dwarf-with-dsym";
				ENABLE_NS_ASSERTIONS = NO;
				ENABLE_STRICT_OBJC_MSGSEND = YES;
				GCC_C_LANGUAGE_STANDARD = gnu11;
				GCC_NO_COMMON_BLOCKS = YES;
				GCC_WARN_64_TO_32_BIT_CONVERSION = YES;
				GCC_WARN_ABOUT_RETURN_TYPE = YES_ERROR;
				GCC_WARN_UNDECLARED_SELECTOR = YES;
				GCC_WARN_UNINITIALIZED_AUTOS = YES_AGGRESSIVE;
				GCC_WARN_UNUSED_FUNCTION = YES;
				GCC_WARN_UNUSED_VARIABLE = YES;
				MTL_ENABLE_DEBUG_INFO = NO;
				MTL_FAST_MATH = YES;
				SWIFT_COMPILATION_MODE = wholemodule;
				SWIFT_OPTIMIZATION_LEVEL = "-O";
			};
			name = Release;
		};
		0258A89225C02CCB00DD7FD6 /* Debug */ = {
			isa = XCBuildConfiguration;
			buildSettings = {
				ASSETCATALOG_COMPILER_APPICON_NAME = AppIcon;
				ASSETCATALOG_COMPILER_GLOBAL_ACCENT_COLOR_NAME = AccentColor;
				CODE_SIGN_STYLE = Automatic;
				DEVELOPMENT_TEAM = S9H4B38ZQN;
				ENABLE_PREVIEWS = YES;
				INFOPLIST_FILE = iOS/Info.plist;
				IPHONEOS_DEPLOYMENT_TARGET = 14.0;
				LD_RUNPATH_SEARCH_PATHS = (
					"$(inherited)",
					"@executable_path/Frameworks",
				);
				OTHER_LDFLAGS = "-ObjC";
				PRODUCT_BUNDLE_IDENTIFIER = uk.co.krisreid.Aurora;
				PRODUCT_NAME = Aurora;
				SDKROOT = iphoneos;
				SWIFT_VERSION = 5.0;
				TARGETED_DEVICE_FAMILY = "1,2";
			};
			name = Debug;
		};
		0258A89325C02CCB00DD7FD6 /* Release */ = {
			isa = XCBuildConfiguration;
			buildSettings = {
				ASSETCATALOG_COMPILER_APPICON_NAME = AppIcon;
				ASSETCATALOG_COMPILER_GLOBAL_ACCENT_COLOR_NAME = AccentColor;
				CODE_SIGN_STYLE = Automatic;
				DEVELOPMENT_TEAM = S9H4B38ZQN;
				ENABLE_PREVIEWS = YES;
				INFOPLIST_FILE = iOS/Info.plist;
				IPHONEOS_DEPLOYMENT_TARGET = 14.0;
				LD_RUNPATH_SEARCH_PATHS = (
					"$(inherited)",
					"@executable_path/Frameworks",
				);
				OTHER_LDFLAGS = "-ObjC";
				PRODUCT_BUNDLE_IDENTIFIER = uk.co.krisreid.Aurora;
				PRODUCT_NAME = Aurora;
				SDKROOT = iphoneos;
				SWIFT_VERSION = 5.0;
				TARGETED_DEVICE_FAMILY = "1,2";
				VALIDATE_PRODUCT = YES;
			};
			name = Release;
		};
		0258A89525C02CCB00DD7FD6 /* Debug */ = {
			isa = XCBuildConfiguration;
			buildSettings = {
				ASSETCATALOG_COMPILER_APPICON_NAME = AppIcon;
				ASSETCATALOG_COMPILER_GLOBAL_ACCENT_COLOR_NAME = AccentColor;
				CODE_SIGN_ENTITLEMENTS = macOS/macOS.entitlements;
				CODE_SIGN_STYLE = Automatic;
				COMBINE_HIDPI_IMAGES = YES;
				DEVELOPMENT_TEAM = S9H4B38ZQN;
				ENABLE_HARDENED_RUNTIME = YES;
				ENABLE_PREVIEWS = YES;
				INFOPLIST_FILE = macOS/Info.plist;
				LD_RUNPATH_SEARCH_PATHS = (
					"$(inherited)",
					"@executable_path/../Frameworks",
				);
				MACOSX_DEPLOYMENT_TARGET = 11.0;
				PRODUCT_BUNDLE_IDENTIFIER = uk.co.krisreid.Aurora;
				PRODUCT_NAME = Aurora;
				SDKROOT = macosx;
				SWIFT_VERSION = 5.0;
			};
			name = Debug;
		};
		0258A89625C02CCB00DD7FD6 /* Release */ = {
			isa = XCBuildConfiguration;
			buildSettings = {
				ASSETCATALOG_COMPILER_APPICON_NAME = AppIcon;
				ASSETCATALOG_COMPILER_GLOBAL_ACCENT_COLOR_NAME = AccentColor;
				CODE_SIGN_ENTITLEMENTS = macOS/macOS.entitlements;
				CODE_SIGN_STYLE = Automatic;
				COMBINE_HIDPI_IMAGES = YES;
				DEVELOPMENT_TEAM = S9H4B38ZQN;
				ENABLE_HARDENED_RUNTIME = YES;
				ENABLE_PREVIEWS = YES;
				INFOPLIST_FILE = macOS/Info.plist;
				LD_RUNPATH_SEARCH_PATHS = (
					"$(inherited)",
					"@executable_path/../Frameworks",
				);
				MACOSX_DEPLOYMENT_TARGET = 11.0;
				PRODUCT_BUNDLE_IDENTIFIER = uk.co.krisreid.Aurora;
				PRODUCT_NAME = Aurora;
				SDKROOT = macosx;
				SWIFT_VERSION = 5.0;
			};
			name = Release;
		};
/* End XCBuildConfiguration section */

/* Begin XCConfigurationList section */
		0258A87425C02CCA00DD7FD6 /* Build configuration list for PBXProject "Aurora" */ = {
			isa = XCConfigurationList;
			buildConfigurations = (
				0258A88F25C02CCB00DD7FD6 /* Debug */,
				0258A89025C02CCB00DD7FD6 /* Release */,
			);
			defaultConfigurationIsVisible = 0;
			defaultConfigurationName = Release;
		};
		0258A89125C02CCB00DD7FD6 /* Build configuration list for PBXNativeTarget "Aurora (iOS)" */ = {
			isa = XCConfigurationList;
			buildConfigurations = (
				0258A89225C02CCB00DD7FD6 /* Debug */,
				0258A89325C02CCB00DD7FD6 /* Release */,
			);
			defaultConfigurationIsVisible = 0;
			defaultConfigurationName = Release;
		};
		0258A89425C02CCB00DD7FD6 /* Build configuration list for PBXNativeTarget "Aurora (macOS)" */ = {
			isa = XCConfigurationList;
			buildConfigurations = (
				0258A89525C02CCB00DD7FD6 /* Debug */,
				0258A89625C02CCB00DD7FD6 /* Release */,
			);
			defaultConfigurationIsVisible = 0;
			defaultConfigurationName = Release;
		};
/* End XCConfigurationList section */

/* Begin XCRemoteSwiftPackageReference section */
		0258A89E25C02E7600DD7FD6 /* XCRemoteSwiftPackageReference "firebase-ios-sdk" */ = {
			isa = XCRemoteSwiftPackageReference;
			repositoryURL = "https://github.com/firebase/firebase-ios-sdk.git";
			requirement = {
				kind = upToNextMajorVersion;
				minimumVersion = 7.4.0;
			};
		};
/* End XCRemoteSwiftPackageReference section */

/* Begin XCSwiftPackageProductDependency section */
		0258A89F25C02E7600DD7FD6 /* FirebaseAnalytics */ = {
			isa = XCSwiftPackageProductDependency;
			package = 0258A89E25C02E7600DD7FD6 /* XCRemoteSwiftPackageReference "firebase-ios-sdk" */;
			productName = FirebaseAnalytics;
		};
		0258A8A125C02E7600DD7FD6 /* FirebaseStorage */ = {
			isa = XCSwiftPackageProductDependency;
			package = 0258A89E25C02E7600DD7FD6 /* XCRemoteSwiftPackageReference "firebase-ios-sdk" */;
			productName = FirebaseStorage;
		};
		0258A8A325C02E7600DD7FD6 /* FirebaseAuth */ = {
			isa = XCSwiftPackageProductDependency;
			package = 0258A89E25C02E7600DD7FD6 /* XCRemoteSwiftPackageReference "firebase-ios-sdk" */;
			productName = FirebaseAuth;
		};
		0258A8A525C02E7600DD7FD6 /* FirebaseFirestore */ = {
			isa = XCSwiftPackageProductDependency;
			package = 0258A89E25C02E7600DD7FD6 /* XCRemoteSwiftPackageReference "firebase-ios-sdk" */;
			productName = FirebaseFirestore;
		};
		0258A8A725C02E7600DD7FD6 /* FirebaseDatabase */ = {
			isa = XCSwiftPackageProductDependency;
			package = 0258A89E25C02E7600DD7FD6 /* XCRemoteSwiftPackageReference "firebase-ios-sdk" */;
			productName = FirebaseDatabase;
		};
/* End XCSwiftPackageProductDependency section */
	};
	rootObject = 0258A87125C02CCA00DD7FD6 /* Project object */;
}
