// !$*UTF8*$!
{
	archiveVersion = 1;
	classes = {
	};
	objectVersion = 52;
	objects = {

/* Begin PBXBuildFile section */
		0211BA192607D5A8003170C2 /* SDWebImageSwiftUI in Frameworks */ = {isa = PBXBuildFile; productRef = 0211BA182607D5A8003170C2 /* SDWebImageSwiftUI */; };
		0211BA202607D611003170C2 /* FirebaseFirestore in Frameworks */ = {isa = PBXBuildFile; productRef = 0211BA1F2607D611003170C2 /* FirebaseFirestore */; };
		0211BA222607D611003170C2 /* FirebaseFirestoreSwift-Beta in Frameworks */ = {isa = PBXBuildFile; productRef = 0211BA212607D611003170C2 /* FirebaseFirestoreSwift-Beta */; };
		0211BA242607D611003170C2 /* FirebaseAnalytics in Frameworks */ = {isa = PBXBuildFile; productRef = 0211BA232607D611003170C2 /* FirebaseAnalytics */; };
		0211BA262607D611003170C2 /* FirebaseStorageSwift-Beta in Frameworks */ = {isa = PBXBuildFile; productRef = 0211BA252607D611003170C2 /* FirebaseStorageSwift-Beta */; };
		0211BA282607D611003170C2 /* FirebaseStorage in Frameworks */ = {isa = PBXBuildFile; productRef = 0211BA272607D611003170C2 /* FirebaseStorage */; };
		0211BA2A2607D611003170C2 /* FirebaseCrashlytics in Frameworks */ = {isa = PBXBuildFile; productRef = 0211BA292607D611003170C2 /* FirebaseCrashlytics */; };
		0211BA2C2607D611003170C2 /* FirebaseAuth in Frameworks */ = {isa = PBXBuildFile; productRef = 0211BA2B2607D611003170C2 /* FirebaseAuth */; };
		0211BA2E2607D611003170C2 /* FirebaseMessaging in Frameworks */ = {isa = PBXBuildFile; productRef = 0211BA2D2607D611003170C2 /* FirebaseMessaging */; };
		0211BA352607EC4C003170C2 /* PushNotificationManager.swift in Sources */ = {isa = PBXBuildFile; fileRef = 0211BA342607EC4C003170C2 /* PushNotificationManager.swift */; };
		0211BA362607EC4C003170C2 /* PushNotificationManager.swift in Sources */ = {isa = PBXBuildFile; fileRef = 0211BA342607EC4C003170C2 /* PushNotificationManager.swift */; };
		0211BA452609D9D9003170C2 /* PushNotificationSender.swift in Sources */ = {isa = PBXBuildFile; fileRef = 0211BA442609D9D8003170C2 /* PushNotificationSender.swift */; };
		0211BA462609D9D9003170C2 /* PushNotificationSender.swift in Sources */ = {isa = PBXBuildFile; fileRef = 0211BA442609D9D8003170C2 /* PushNotificationSender.swift */; };
		0211BA4E26131C50003170C2 /* MessagesView.swift in Sources */ = {isa = PBXBuildFile; fileRef = 0211BA4D26131C50003170C2 /* MessagesView.swift */; };
		0211BA4F26131C50003170C2 /* MessagesView.swift in Sources */ = {isa = PBXBuildFile; fileRef = 0211BA4D26131C50003170C2 /* MessagesView.swift */; };
		0211BA552613505D003170C2 /* SearchView.swift in Sources */ = {isa = PBXBuildFile; fileRef = 0211BA542613505C003170C2 /* SearchView.swift */; };
		0211BA562613505D003170C2 /* SearchView.swift in Sources */ = {isa = PBXBuildFile; fileRef = 0211BA542613505C003170C2 /* SearchView.swift */; };
		0211BA5C26135536003170C2 /* FavouriteCarouselView.swift in Sources */ = {isa = PBXBuildFile; fileRef = 0211BA5B26135536003170C2 /* FavouriteCarouselView.swift */; };
		0211BA5D26135536003170C2 /* FavouriteCarouselView.swift in Sources */ = {isa = PBXBuildFile; fileRef = 0211BA5B26135536003170C2 /* FavouriteCarouselView.swift */; };
		0211BA632613AB74003170C2 /* MessageListView.swift in Sources */ = {isa = PBXBuildFile; fileRef = 0211BA622613AB74003170C2 /* MessageListView.swift */; };
		0211BA642613AB74003170C2 /* MessageListView.swift in Sources */ = {isa = PBXBuildFile; fileRef = 0211BA622613AB74003170C2 /* MessageListView.swift */; };
		0211BA7126151937003170C2 /* MessagesViewModel.swift in Sources */ = {isa = PBXBuildFile; fileRef = 0211BA7026151937003170C2 /* MessagesViewModel.swift */; };
		0211BA7226151937003170C2 /* MessagesViewModel.swift in Sources */ = {isa = PBXBuildFile; fileRef = 0211BA7026151937003170C2 /* MessagesViewModel.swift */; };
		02160169261700500004AFDD /* ChatsCellView.swift in Sources */ = {isa = PBXBuildFile; fileRef = 02AF34CB25E82F0E0031F416 /* ChatsCellView.swift */; };
		0218AF3E25C52EE9006D2E49 /* AccountCreation.swift in Sources */ = {isa = PBXBuildFile; fileRef = 0218AF3D25C52EE9006D2E49 /* AccountCreation.swift */; };
		0218AF3F25C52EE9006D2E49 /* AccountCreation.swift in Sources */ = {isa = PBXBuildFile; fileRef = 0218AF3D25C52EE9006D2E49 /* AccountCreation.swift */; };
		0218AF4925C534F7006D2E49 /* ImagePicker.swift in Sources */ = {isa = PBXBuildFile; fileRef = 0218AF4825C534F7006D2E49 /* ImagePicker.swift */; };
		0218AF4A25C534F7006D2E49 /* ImagePicker.swift in Sources */ = {isa = PBXBuildFile; fileRef = 0218AF4825C534F7006D2E49 /* ImagePicker.swift */; };
		0218AF5925C53653006D2E49 /* User.swift in Sources */ = {isa = PBXBuildFile; fileRef = 0218AF5825C53653006D2E49 /* User.swift */; };
		0218AF5A25C53653006D2E49 /* User.swift in Sources */ = {isa = PBXBuildFile; fileRef = 0218AF5825C53653006D2E49 /* User.swift */; };
		0218AF6725C58A72006D2E49 /* Indicator.swift in Sources */ = {isa = PBXBuildFile; fileRef = 0218AF6625C58A72006D2E49 /* Indicator.swift */; };
		0218AF6825C58A72006D2E49 /* Indicator.swift in Sources */ = {isa = PBXBuildFile; fileRef = 0218AF6625C58A72006D2E49 /* Indicator.swift */; };
		0258A88925C02CCB00DD7FD6 /* AuroraApp.swift in Sources */ = {isa = PBXBuildFile; fileRef = 0258A87625C02CCA00DD7FD6 /* AuroraApp.swift */; };
		0258A88A25C02CCB00DD7FD6 /* AuroraApp.swift in Sources */ = {isa = PBXBuildFile; fileRef = 0258A87625C02CCA00DD7FD6 /* AuroraApp.swift */; };
		0258A88B25C02CCB00DD7FD6 /* ContentView.swift in Sources */ = {isa = PBXBuildFile; fileRef = 0258A87725C02CCA00DD7FD6 /* ContentView.swift */; };
		0258A88C25C02CCB00DD7FD6 /* ContentView.swift in Sources */ = {isa = PBXBuildFile; fileRef = 0258A87725C02CCA00DD7FD6 /* ContentView.swift */; };
		0258A88D25C02CCB00DD7FD6 /* Assets.xcassets in Resources */ = {isa = PBXBuildFile; fileRef = 0258A87825C02CCB00DD7FD6 /* Assets.xcassets */; };
		0258A88E25C02CCB00DD7FD6 /* Assets.xcassets in Resources */ = {isa = PBXBuildFile; fileRef = 0258A87825C02CCB00DD7FD6 /* Assets.xcassets */; };
		0258A89A25C02D2400DD7FD6 /* GoogleService-Info.plist in Resources */ = {isa = PBXBuildFile; fileRef = 0258A89925C02D2400DD7FD6 /* GoogleService-Info.plist */; };
		0258A89B25C02D2400DD7FD6 /* GoogleService-Info.plist in Resources */ = {isa = PBXBuildFile; fileRef = 0258A89925C02D2400DD7FD6 /* GoogleService-Info.plist */; };
		0258A8C225C0A0E300DD7FD6 /* Login.swift in Sources */ = {isa = PBXBuildFile; fileRef = 0258A8C125C0A0E300DD7FD6 /* Login.swift */; };
		0258A8C325C0A0E300DD7FD6 /* Login.swift in Sources */ = {isa = PBXBuildFile; fileRef = 0258A8C125C0A0E300DD7FD6 /* Login.swift */; };
		0258A8CA25C0D6E600DD7FD6 /* LoginViewModel.swift in Sources */ = {isa = PBXBuildFile; fileRef = 0258A8C925C0D6E600DD7FD6 /* LoginViewModel.swift */; };
		0258A8CB25C0D6E600DD7FD6 /* LoginViewModel.swift in Sources */ = {isa = PBXBuildFile; fileRef = 0258A8C925C0D6E600DD7FD6 /* LoginViewModel.swift */; };
		0258A8D025C0D85600DD7FD6 /* Countries.swift in Sources */ = {isa = PBXBuildFile; fileRef = 0258A8CF25C0D85600DD7FD6 /* Countries.swift */; };
		0258A8D125C0D85600DD7FD6 /* Countries.swift in Sources */ = {isa = PBXBuildFile; fileRef = 0258A8CF25C0D85600DD7FD6 /* Countries.swift */; };
		0258A8E425C18C2100DD7FD6 /* AlertView.swift in Sources */ = {isa = PBXBuildFile; fileRef = 0258A8E325C18C2100DD7FD6 /* AlertView.swift */; };
		0258A8E525C18C2100DD7FD6 /* AlertView.swift in Sources */ = {isa = PBXBuildFile; fileRef = 0258A8E325C18C2100DD7FD6 /* AlertView.swift */; };
		0258A8EB25C1F2FA00DD7FD6 /* Verification.swift in Sources */ = {isa = PBXBuildFile; fileRef = 0258A8EA25C1F2FA00DD7FD6 /* Verification.swift */; };
		0258A8EC25C1F2FA00DD7FD6 /* Verification.swift in Sources */ = {isa = PBXBuildFile; fileRef = 0258A8EA25C1F2FA00DD7FD6 /* Verification.swift */; };
		0295DDE225EAFAC70046E389 /* ChatViewModel.swift in Sources */ = {isa = PBXBuildFile; fileRef = 0295DDE125EAFAC70046E389 /* ChatViewModel.swift */; };
		0295DDE325EAFAC70046E389 /* ChatViewModel.swift in Sources */ = {isa = PBXBuildFile; fileRef = 0295DDE125EAFAC70046E389 /* ChatViewModel.swift */; };
		0295DDE725EAFBC90046E389 /* MessageView.swift in Sources */ = {isa = PBXBuildFile; fileRef = 0295DDE625EAFBC90046E389 /* MessageView.swift */; };
		0295DDE825EAFBC90046E389 /* MessageView.swift in Sources */ = {isa = PBXBuildFile; fileRef = 0295DDE625EAFBC90046E389 /* MessageView.swift */; };
		0295DDEC25EAFC0D0046E389 /* ContentMessageView.swift in Sources */ = {isa = PBXBuildFile; fileRef = 0295DDEB25EAFC0D0046E389 /* ContentMessageView.swift */; };
		0295DDED25EAFC0D0046E389 /* ContentMessageView.swift in Sources */ = {isa = PBXBuildFile; fileRef = 0295DDEB25EAFC0D0046E389 /* ContentMessageView.swift */; };
		0295DDF125EAFC440046E389 /* Message.swift in Sources */ = {isa = PBXBuildFile; fileRef = 0295DDF025EAFC440046E389 /* Message.swift */; };
		0295DDF225EAFC440046E389 /* Message.swift in Sources */ = {isa = PBXBuildFile; fileRef = 0295DDF025EAFC440046E389 /* Message.swift */; };
		0295DDF625EAFC9B0046E389 /* KeyboardResponder.swift in Sources */ = {isa = PBXBuildFile; fileRef = 0295DDF525EAFC9B0046E389 /* KeyboardResponder.swift */; };
		0295DDF725EAFC9B0046E389 /* KeyboardResponder.swift in Sources */ = {isa = PBXBuildFile; fileRef = 0295DDF525EAFC9B0046E389 /* KeyboardResponder.swift */; };
		0295DDFB25EAFCB60046E389 /* ViewExtension.swift in Sources */ = {isa = PBXBuildFile; fileRef = 0295DDFA25EAFCB60046E389 /* ViewExtension.swift */; };
		0295DDFC25EAFCB60046E389 /* ViewExtension.swift in Sources */ = {isa = PBXBuildFile; fileRef = 0295DDFA25EAFCB60046E389 /* ViewExtension.swift */; };
		0295DE0225EB98C10046E389 /* Chat.swift in Sources */ = {isa = PBXBuildFile; fileRef = 0295DE0125EB98C10046E389 /* Chat.swift */; };
		0295DE0325EB98C10046E389 /* Chat.swift in Sources */ = {isa = PBXBuildFile; fileRef = 0295DE0125EB98C10046E389 /* Chat.swift */; };
		0295DE0925EB9A470046E389 /* UserView.swift in Sources */ = {isa = PBXBuildFile; fileRef = 0295DE0825EB9A470046E389 /* UserView.swift */; };
		0295DE0A25EB9A470046E389 /* UserView.swift in Sources */ = {isa = PBXBuildFile; fileRef = 0295DE0825EB9A470046E389 /* UserView.swift */; };
		02AF348625DADAB80031F416 /* ChatsView.swift in Sources */ = {isa = PBXBuildFile; fileRef = 02AF348525DADAB80031F416 /* ChatsView.swift */; };
		02AF348725DADAB80031F416 /* ChatsView.swift in Sources */ = {isa = PBXBuildFile; fileRef = 02AF348525DADAB80031F416 /* ChatsView.swift */; };
		02AF348D25DAE8340031F416 /* ChatsViewModel.swift in Sources */ = {isa = PBXBuildFile; fileRef = 02AF348C25DAE8340031F416 /* ChatsViewModel.swift */; };
		02AF348E25DAE8340031F416 /* ChatsViewModel.swift in Sources */ = {isa = PBXBuildFile; fileRef = 02AF348C25DAE8340031F416 /* ChatsViewModel.swift */; };
		02AF34A925E2662B0031F416 /* CreateChatView.swift in Sources */ = {isa = PBXBuildFile; fileRef = 02AF34A825E2662B0031F416 /* CreateChatView.swift */; };
		02AF34AA25E2662B0031F416 /* CreateChatView.swift in Sources */ = {isa = PBXBuildFile; fileRef = 02AF34A825E2662B0031F416 /* CreateChatView.swift */; };
		02AF34AE25E26BA20031F416 /* CreateChatViewModel.swift in Sources */ = {isa = PBXBuildFile; fileRef = 02AF34AD25E26BA20031F416 /* CreateChatViewModel.swift */; };
		02AF34AF25E26BA20031F416 /* CreateChatViewModel.swift in Sources */ = {isa = PBXBuildFile; fileRef = 02AF34AD25E26BA20031F416 /* CreateChatViewModel.swift */; };
		02AF34BB25E3ECBB0031F416 /* ChatView.swift in Sources */ = {isa = PBXBuildFile; fileRef = 02AF34BA25E3ECBB0031F416 /* ChatView.swift */; };
		02AF34BC25E3ECBB0031F416 /* ChatView.swift in Sources */ = {isa = PBXBuildFile; fileRef = 02AF34BA25E3ECBB0031F416 /* ChatView.swift */; };
		02AF34CC25E82F0E0031F416 /* ChatsCellView.swift in Sources */ = {isa = PBXBuildFile; fileRef = 02AF34CB25E82F0E0031F416 /* ChatsCellView.swift */; };
		02DC4EA6261CE44700BF7EF2 /* FavouriteCarouselViewModel.swift in Sources */ = {isa = PBXBuildFile; fileRef = 02DC4EA5261CE44700BF7EF2 /* FavouriteCarouselViewModel.swift */; };
		02DC4EA7261CE44700BF7EF2 /* FavouriteCarouselViewModel.swift in Sources */ = {isa = PBXBuildFile; fileRef = 02DC4EA5261CE44700BF7EF2 /* FavouriteCarouselViewModel.swift */; };
/* End PBXBuildFile section */

/* Begin PBXFileReference section */
		0211BA312607D6B2003170C2 /* Aurora.entitlements */ = {isa = PBXFileReference; lastKnownFileType = text.plist.entitlements; path = Aurora.entitlements; sourceTree = "<group>"; };
		0211BA342607EC4C003170C2 /* PushNotificationManager.swift */ = {isa = PBXFileReference; lastKnownFileType = sourcecode.swift; path = PushNotificationManager.swift; sourceTree = "<group>"; };
		0211BA442609D9D8003170C2 /* PushNotificationSender.swift */ = {isa = PBXFileReference; lastKnownFileType = sourcecode.swift; path = PushNotificationSender.swift; sourceTree = "<group>"; };
		0211BA4D26131C50003170C2 /* MessagesView.swift */ = {isa = PBXFileReference; lastKnownFileType = sourcecode.swift; path = MessagesView.swift; sourceTree = "<group>"; };
		0211BA542613505C003170C2 /* SearchView.swift */ = {isa = PBXFileReference; lastKnownFileType = sourcecode.swift; path = SearchView.swift; sourceTree = "<group>"; };
		0211BA5B26135536003170C2 /* FavouriteCarouselView.swift */ = {isa = PBXFileReference; lastKnownFileType = sourcecode.swift; path = FavouriteCarouselView.swift; sourceTree = "<group>"; };
		0211BA622613AB74003170C2 /* MessageListView.swift */ = {isa = PBXFileReference; lastKnownFileType = sourcecode.swift; path = MessageListView.swift; sourceTree = "<group>"; };
		0211BA7026151937003170C2 /* MessagesViewModel.swift */ = {isa = PBXFileReference; lastKnownFileType = sourcecode.swift; path = MessagesViewModel.swift; sourceTree = "<group>"; };
		0218AF3D25C52EE9006D2E49 /* AccountCreation.swift */ = {isa = PBXFileReference; lastKnownFileType = sourcecode.swift; path = AccountCreation.swift; sourceTree = "<group>"; };
		0218AF4825C534F7006D2E49 /* ImagePicker.swift */ = {isa = PBXFileReference; lastKnownFileType = sourcecode.swift; path = ImagePicker.swift; sourceTree = "<group>"; };
		0218AF5825C53653006D2E49 /* User.swift */ = {isa = PBXFileReference; lastKnownFileType = sourcecode.swift; path = User.swift; sourceTree = "<group>"; };
		0218AF6625C58A72006D2E49 /* Indicator.swift */ = {isa = PBXFileReference; lastKnownFileType = sourcecode.swift; path = Indicator.swift; sourceTree = "<group>"; };
		0258A87625C02CCA00DD7FD6 /* AuroraApp.swift */ = {isa = PBXFileReference; lastKnownFileType = sourcecode.swift; path = AuroraApp.swift; sourceTree = "<group>"; };
		0258A87725C02CCA00DD7FD6 /* ContentView.swift */ = {isa = PBXFileReference; lastKnownFileType = sourcecode.swift; path = ContentView.swift; sourceTree = "<group>"; };
		0258A87825C02CCB00DD7FD6 /* Assets.xcassets */ = {isa = PBXFileReference; lastKnownFileType = folder.assetcatalog; path = Assets.xcassets; sourceTree = "<group>"; };
		0258A87D25C02CCB00DD7FD6 /* Aurora.app */ = {isa = PBXFileReference; explicitFileType = wrapper.application; includeInIndex = 0; path = Aurora.app; sourceTree = BUILT_PRODUCTS_DIR; };
		0258A88025C02CCB00DD7FD6 /* Info.plist */ = {isa = PBXFileReference; lastKnownFileType = text.plist.xml; path = Info.plist; sourceTree = "<group>"; };
		0258A88525C02CCB00DD7FD6 /* Aurora.app */ = {isa = PBXFileReference; explicitFileType = wrapper.application; includeInIndex = 0; path = Aurora.app; sourceTree = BUILT_PRODUCTS_DIR; };
		0258A88725C02CCB00DD7FD6 /* Info.plist */ = {isa = PBXFileReference; lastKnownFileType = text.plist.xml; path = Info.plist; sourceTree = "<group>"; };
		0258A88825C02CCB00DD7FD6 /* macOS.entitlements */ = {isa = PBXFileReference; lastKnownFileType = text.plist.entitlements; path = macOS.entitlements; sourceTree = "<group>"; };
		0258A89925C02D2400DD7FD6 /* GoogleService-Info.plist */ = {isa = PBXFileReference; fileEncoding = 4; lastKnownFileType = text.plist.xml; path = "GoogleService-Info.plist"; sourceTree = "<group>"; };
		0258A8C125C0A0E300DD7FD6 /* Login.swift */ = {isa = PBXFileReference; lastKnownFileType = sourcecode.swift; path = Login.swift; sourceTree = "<group>"; };
		0258A8C925C0D6E600DD7FD6 /* LoginViewModel.swift */ = {isa = PBXFileReference; lastKnownFileType = sourcecode.swift; path = LoginViewModel.swift; sourceTree = "<group>"; };
		0258A8CF25C0D85600DD7FD6 /* Countries.swift */ = {isa = PBXFileReference; lastKnownFileType = sourcecode.swift; path = Countries.swift; sourceTree = "<group>"; };
		0258A8E325C18C2100DD7FD6 /* AlertView.swift */ = {isa = PBXFileReference; lastKnownFileType = sourcecode.swift; path = AlertView.swift; sourceTree = "<group>"; };
		0258A8EA25C1F2FA00DD7FD6 /* Verification.swift */ = {isa = PBXFileReference; lastKnownFileType = sourcecode.swift; path = Verification.swift; sourceTree = "<group>"; };
		0295DDE125EAFAC70046E389 /* ChatViewModel.swift */ = {isa = PBXFileReference; lastKnownFileType = sourcecode.swift; path = ChatViewModel.swift; sourceTree = "<group>"; };
		0295DDE625EAFBC90046E389 /* MessageView.swift */ = {isa = PBXFileReference; lastKnownFileType = sourcecode.swift; path = MessageView.swift; sourceTree = "<group>"; };
		0295DDEB25EAFC0D0046E389 /* ContentMessageView.swift */ = {isa = PBXFileReference; lastKnownFileType = sourcecode.swift; path = ContentMessageView.swift; sourceTree = "<group>"; };
		0295DDF025EAFC440046E389 /* Message.swift */ = {isa = PBXFileReference; lastKnownFileType = sourcecode.swift; path = Message.swift; sourceTree = "<group>"; };
		0295DDF525EAFC9B0046E389 /* KeyboardResponder.swift */ = {isa = PBXFileReference; lastKnownFileType = sourcecode.swift; path = KeyboardResponder.swift; sourceTree = "<group>"; };
		0295DDFA25EAFCB60046E389 /* ViewExtension.swift */ = {isa = PBXFileReference; lastKnownFileType = sourcecode.swift; path = ViewExtension.swift; sourceTree = "<group>"; };
		0295DE0125EB98C10046E389 /* Chat.swift */ = {isa = PBXFileReference; lastKnownFileType = sourcecode.swift; path = Chat.swift; sourceTree = "<group>"; };
		0295DE0825EB9A470046E389 /* UserView.swift */ = {isa = PBXFileReference; lastKnownFileType = sourcecode.swift; path = UserView.swift; sourceTree = "<group>"; };
		02AF348525DADAB80031F416 /* ChatsView.swift */ = {isa = PBXFileReference; lastKnownFileType = sourcecode.swift; path = ChatsView.swift; sourceTree = "<group>"; };
		02AF348C25DAE8340031F416 /* ChatsViewModel.swift */ = {isa = PBXFileReference; lastKnownFileType = sourcecode.swift; path = ChatsViewModel.swift; sourceTree = "<group>"; };
		02AF34A825E2662B0031F416 /* CreateChatView.swift */ = {isa = PBXFileReference; lastKnownFileType = sourcecode.swift; path = CreateChatView.swift; sourceTree = "<group>"; };
		02AF34AD25E26BA20031F416 /* CreateChatViewModel.swift */ = {isa = PBXFileReference; lastKnownFileType = sourcecode.swift; path = CreateChatViewModel.swift; sourceTree = "<group>"; };
		02AF34BA25E3ECBB0031F416 /* ChatView.swift */ = {isa = PBXFileReference; lastKnownFileType = sourcecode.swift; path = ChatView.swift; sourceTree = "<group>"; };
		02AF34CB25E82F0E0031F416 /* ChatsCellView.swift */ = {isa = PBXFileReference; lastKnownFileType = sourcecode.swift; path = ChatsCellView.swift; sourceTree = "<group>"; };
		02DC4EA5261CE44700BF7EF2 /* FavouriteCarouselViewModel.swift */ = {isa = PBXFileReference; lastKnownFileType = sourcecode.swift; path = FavouriteCarouselViewModel.swift; sourceTree = "<group>"; };
/* End PBXFileReference section */

/* Begin PBXFrameworksBuildPhase section */
		0258A87A25C02CCB00DD7FD6 /* Frameworks */ = {
			isa = PBXFrameworksBuildPhase;
			buildActionMask = 2147483647;
			files = (
				0211BA2E2607D611003170C2 /* FirebaseMessaging in Frameworks */,
				0211BA262607D611003170C2 /* FirebaseStorageSwift-Beta in Frameworks */,
				0211BA222607D611003170C2 /* FirebaseFirestoreSwift-Beta in Frameworks */,
				0211BA192607D5A8003170C2 /* SDWebImageSwiftUI in Frameworks */,
				0211BA2A2607D611003170C2 /* FirebaseCrashlytics in Frameworks */,
				0211BA242607D611003170C2 /* FirebaseAnalytics in Frameworks */,
				0211BA202607D611003170C2 /* FirebaseFirestore in Frameworks */,
				0211BA282607D611003170C2 /* FirebaseStorage in Frameworks */,
				0211BA2C2607D611003170C2 /* FirebaseAuth in Frameworks */,
			);
			runOnlyForDeploymentPostprocessing = 0;
		};
		0258A88225C02CCB00DD7FD6 /* Frameworks */ = {
			isa = PBXFrameworksBuildPhase;
			buildActionMask = 2147483647;
			files = (
			);
			runOnlyForDeploymentPostprocessing = 0;
		};
/* End PBXFrameworksBuildPhase section */

/* Begin PBXGroup section */
		02160168261700270004AFDD /* Deprecated */ = {
			isa = PBXGroup;
			children = (
				02AF348C25DAE8340031F416 /* ChatsViewModel.swift */,
				02DC4EA5261CE44700BF7EF2 /* FavouriteCarouselViewModel.swift */,
				02AF348525DADAB80031F416 /* ChatsView.swift */,
				02AF34CB25E82F0E0031F416 /* ChatsCellView.swift */,
				0295DE0825EB9A470046E389 /* UserView.swift */,
			);
			path = Deprecated;
			sourceTree = "<group>";
		};
		0218AF5125C5353D006D2E49 /* Helpers */ = {
			isa = PBXGroup;
			children = (
				0258A8E325C18C2100DD7FD6 /* AlertView.swift */,
				0218AF6625C58A72006D2E49 /* Indicator.swift */,
			);
			path = Helpers;
			sourceTree = "<group>";
		};
		0258A87025C02CCA00DD7FD6 = {
			isa = PBXGroup;
			children = (
				0211BA312607D6B2003170C2 /* Aurora.entitlements */,
				0258A87525C02CCA00DD7FD6 /* Shared */,
				0258A87F25C02CCB00DD7FD6 /* iOS */,
				0258A88625C02CCB00DD7FD6 /* macOS */,
				0258A87E25C02CCB00DD7FD6 /* Products */,
			);
			sourceTree = "<group>";
		};
		0258A87525C02CCA00DD7FD6 /* Shared */ = {
			isa = PBXGroup;
			children = (
				0258A8DD25C18B9000DD7FD6 /* Utilities */,
				0258A8CE25C0D84C00DD7FD6 /* Models */,
				0258A8C825C0D6D400DD7FD6 /* ViewModels */,
				0258A8C025C0A0CE00DD7FD6 /* Views */,
				0258A87625C02CCA00DD7FD6 /* AuroraApp.swift */,
				0258A89925C02D2400DD7FD6 /* GoogleService-Info.plist */,
				0258A87825C02CCB00DD7FD6 /* Assets.xcassets */,
			);
			path = Shared;
			sourceTree = "<group>";
		};
		0258A87E25C02CCB00DD7FD6 /* Products */ = {
			isa = PBXGroup;
			children = (
				0258A87D25C02CCB00DD7FD6 /* Aurora.app */,
				0258A88525C02CCB00DD7FD6 /* Aurora.app */,
			);
			name = Products;
			sourceTree = "<group>";
		};
		0258A87F25C02CCB00DD7FD6 /* iOS */ = {
			isa = PBXGroup;
			children = (
				0258A88025C02CCB00DD7FD6 /* Info.plist */,
			);
			path = iOS;
			sourceTree = "<group>";
		};
		0258A88625C02CCB00DD7FD6 /* macOS */ = {
			isa = PBXGroup;
			children = (
				0258A88725C02CCB00DD7FD6 /* Info.plist */,
				0258A88825C02CCB00DD7FD6 /* macOS.entitlements */,
			);
			path = macOS;
			sourceTree = "<group>";
		};
		0258A8C025C0A0CE00DD7FD6 /* Views */ = {
			isa = PBXGroup;
			children = (
				0258A87725C02CCA00DD7FD6 /* ContentView.swift */,
				02AF347925DAD9F20031F416 /* Login Views */,
				02AF347A25DADA0A0031F416 /* App */,
				02160168261700270004AFDD /* Deprecated */,
				0218AF5125C5353D006D2E49 /* Helpers */,
			);
			path = Views;
			sourceTree = "<group>";
		};
		0258A8C825C0D6D400DD7FD6 /* ViewModels */ = {
			isa = PBXGroup;
			children = (
				0258A8C925C0D6E600DD7FD6 /* LoginViewModel.swift */,
				0211BA7026151937003170C2 /* MessagesViewModel.swift */,
				0295DDE125EAFAC70046E389 /* ChatViewModel.swift */,
				02AF34AD25E26BA20031F416 /* CreateChatViewModel.swift */,
			);
			path = ViewModels;
			sourceTree = "<group>";
		};
		0258A8CE25C0D84C00DD7FD6 /* Models */ = {
			isa = PBXGroup;
			children = (
				0258A8CF25C0D85600DD7FD6 /* Countries.swift */,
				0218AF5825C53653006D2E49 /* User.swift */,
				0295DDF025EAFC440046E389 /* Message.swift */,
				0295DE0125EB98C10046E389 /* Chat.swift */,
			);
			path = Models;
			sourceTree = "<group>";
		};
		0258A8DD25C18B9000DD7FD6 /* Utilities */ = {
			isa = PBXGroup;
			children = (
				0218AF4825C534F7006D2E49 /* ImagePicker.swift */,
				0295DDF525EAFC9B0046E389 /* KeyboardResponder.swift */,
				0295DDFA25EAFCB60046E389 /* ViewExtension.swift */,
				0211BA342607EC4C003170C2 /* PushNotificationManager.swift */,
				0211BA442609D9D8003170C2 /* PushNotificationSender.swift */,
			);
			path = Utilities;
			sourceTree = "<group>";
		};
		02AF347925DAD9F20031F416 /* Login Views */ = {
			isa = PBXGroup;
			children = (
				0258A8C125C0A0E300DD7FD6 /* Login.swift */,
				0258A8EA25C1F2FA00DD7FD6 /* Verification.swift */,
				0218AF3D25C52EE9006D2E49 /* AccountCreation.swift */,
			);
			path = "Login Views";
			sourceTree = "<group>";
		};
		02AF347A25DADA0A0031F416 /* App */ = {
			isa = PBXGroup;
			children = (
				0211BA4D26131C50003170C2 /* MessagesView.swift */,
				0211BA542613505C003170C2 /* SearchView.swift */,
				0211BA5B26135536003170C2 /* FavouriteCarouselView.swift */,
				0211BA622613AB74003170C2 /* MessageListView.swift */,
				02AF34BA25E3ECBB0031F416 /* ChatView.swift */,
				0295DDE625EAFBC90046E389 /* MessageView.swift */,
				0295DDEB25EAFC0D0046E389 /* ContentMessageView.swift */,
				02AF34A825E2662B0031F416 /* CreateChatView.swift */,
			);
			path = App;
			sourceTree = "<group>";
		};
/* End PBXGroup section */

/* Begin PBXNativeTarget section */
		0258A87C25C02CCB00DD7FD6 /* Aurora (iOS) */ = {
			isa = PBXNativeTarget;
			buildConfigurationList = 0258A89125C02CCB00DD7FD6 /* Build configuration list for PBXNativeTarget "Aurora (iOS)" */;
			buildPhases = (
				0258A87925C02CCB00DD7FD6 /* Sources */,
				0258A87A25C02CCB00DD7FD6 /* Frameworks */,
				0258A87B25C02CCB00DD7FD6 /* Resources */,
			);
			buildRules = (
			);
			dependencies = (
			);
			name = "Aurora (iOS)";
			packageProductDependencies = (
				0211BA182607D5A8003170C2 /* SDWebImageSwiftUI */,
				0211BA1F2607D611003170C2 /* FirebaseFirestore */,
				0211BA212607D611003170C2 /* FirebaseFirestoreSwift-Beta */,
				0211BA232607D611003170C2 /* FirebaseAnalytics */,
				0211BA252607D611003170C2 /* FirebaseStorageSwift-Beta */,
				0211BA272607D611003170C2 /* FirebaseStorage */,
				0211BA292607D611003170C2 /* FirebaseCrashlytics */,
				0211BA2B2607D611003170C2 /* FirebaseAuth */,
				0211BA2D2607D611003170C2 /* FirebaseMessaging */,
			);
			productName = "Aurora (iOS)";
			productReference = 0258A87D25C02CCB00DD7FD6 /* Aurora.app */;
			productType = "com.apple.product-type.application";
		};
		0258A88425C02CCB00DD7FD6 /* Aurora (macOS) */ = {
			isa = PBXNativeTarget;
			buildConfigurationList = 0258A89425C02CCB00DD7FD6 /* Build configuration list for PBXNativeTarget "Aurora (macOS)" */;
			buildPhases = (
				0258A88125C02CCB00DD7FD6 /* Sources */,
				0258A88225C02CCB00DD7FD6 /* Frameworks */,
				0258A88325C02CCB00DD7FD6 /* Resources */,
			);
			buildRules = (
			);
			dependencies = (
			);
			name = "Aurora (macOS)";
			productName = "Aurora (macOS)";
			productReference = 0258A88525C02CCB00DD7FD6 /* Aurora.app */;
			productType = "com.apple.product-type.application";
		};
/* End PBXNativeTarget section */

/* Begin PBXProject section */
		0258A87125C02CCA00DD7FD6 /* Project object */ = {
			isa = PBXProject;
			attributes = {
				LastSwiftUpdateCheck = 1230;
				LastUpgradeCheck = 1240;
				TargetAttributes = {
					0258A87C25C02CCB00DD7FD6 = {
						CreatedOnToolsVersion = 12.3;
					};
					0258A88425C02CCB00DD7FD6 = {
						CreatedOnToolsVersion = 12.3;
					};
				};
			};
			buildConfigurationList = 0258A87425C02CCA00DD7FD6 /* Build configuration list for PBXProject "Aurora" */;
			compatibilityVersion = "Xcode 9.3";
			developmentRegion = en;
			hasScannedForEncodings = 0;
			knownRegions = (
				en,
				Base,
			);
			mainGroup = 0258A87025C02CCA00DD7FD6;
			packageReferences = (
				0211BA172607D5A8003170C2 /* XCRemoteSwiftPackageReference "SDWebImageSwiftUI" */,
				0211BA1E2607D611003170C2 /* XCRemoteSwiftPackageReference "firebase-ios-sdk" */,
			);
			productRefGroup = 0258A87E25C02CCB00DD7FD6 /* Products */;
			projectDirPath = "";
			projectRoot = "";
			targets = (
				0258A87C25C02CCB00DD7FD6 /* Aurora (iOS) */,
				0258A88425C02CCB00DD7FD6 /* Aurora (macOS) */,
			);
		};
/* End PBXProject section */

/* Begin PBXResourcesBuildPhase section */
		0258A87B25C02CCB00DD7FD6 /* Resources */ = {
			isa = PBXResourcesBuildPhase;
			buildActionMask = 2147483647;
			files = (
				0258A88D25C02CCB00DD7FD6 /* Assets.xcassets in Resources */,
				0258A89A25C02D2400DD7FD6 /* GoogleService-Info.plist in Resources */,
			);
			runOnlyForDeploymentPostprocessing = 0;
		};
		0258A88325C02CCB00DD7FD6 /* Resources */ = {
			isa = PBXResourcesBuildPhase;
			buildActionMask = 2147483647;
			files = (
				0258A88E25C02CCB00DD7FD6 /* Assets.xcassets in Resources */,
				0258A89B25C02D2400DD7FD6 /* GoogleService-Info.plist in Resources */,
			);
			runOnlyForDeploymentPostprocessing = 0;
		};
/* End PBXResourcesBuildPhase section */

/* Begin PBXSourcesBuildPhase section */
		0258A87925C02CCB00DD7FD6 /* Sources */ = {
			isa = PBXSourcesBuildPhase;
			buildActionMask = 2147483647;
			files = (
				0295DE0225EB98C10046E389 /* Chat.swift in Sources */,
				0295DDEC25EAFC0D0046E389 /* ContentMessageView.swift in Sources */,
				02AF348D25DAE8340031F416 /* ChatsViewModel.swift in Sources */,
				0211BA552613505D003170C2 /* SearchView.swift in Sources */,
				0218AF4925C534F7006D2E49 /* ImagePicker.swift in Sources */,
				0218AF6725C58A72006D2E49 /* Indicator.swift in Sources */,
				0295DDE725EAFBC90046E389 /* MessageView.swift in Sources */,
				0295DDFB25EAFCB60046E389 /* ViewExtension.swift in Sources */,
				0258A8EB25C1F2FA00DD7FD6 /* Verification.swift in Sources */,
				02AF34BB25E3ECBB0031F416 /* ChatView.swift in Sources */,
				0211BA5C26135536003170C2 /* FavouriteCarouselView.swift in Sources */,
				0218AF3E25C52EE9006D2E49 /* AccountCreation.swift in Sources */,
				0258A88B25C02CCB00DD7FD6 /* ContentView.swift in Sources */,
				0295DDF625EAFC9B0046E389 /* KeyboardResponder.swift in Sources */,
				0258A8E425C18C2100DD7FD6 /* AlertView.swift in Sources */,
				02AF34AE25E26BA20031F416 /* CreateChatViewModel.swift in Sources */,
				0211BA452609D9D9003170C2 /* PushNotificationSender.swift in Sources */,
				02AF34CC25E82F0E0031F416 /* ChatsCellView.swift in Sources */,
				0295DDE225EAFAC70046E389 /* ChatViewModel.swift in Sources */,
				0211BA632613AB74003170C2 /* MessageListView.swift in Sources */,
				0211BA4E26131C50003170C2 /* MessagesView.swift in Sources */,
				0258A8C225C0A0E300DD7FD6 /* Login.swift in Sources */,
				0211BA7126151937003170C2 /* MessagesViewModel.swift in Sources */,
				02DC4EA6261CE44700BF7EF2 /* FavouriteCarouselViewModel.swift in Sources */,
				02AF348625DADAB80031F416 /* ChatsView.swift in Sources */,
				0258A88925C02CCB00DD7FD6 /* AuroraApp.swift in Sources */,
				0295DDF125EAFC440046E389 /* Message.swift in Sources */,
				0218AF5925C53653006D2E49 /* User.swift in Sources */,
				0258A8D025C0D85600DD7FD6 /* Countries.swift in Sources */,
				0295DE0925EB9A470046E389 /* UserView.swift in Sources */,
				0211BA352607EC4C003170C2 /* PushNotificationManager.swift in Sources */,
				0258A8CA25C0D6E600DD7FD6 /* LoginViewModel.swift in Sources */,
				02AF34A925E2662B0031F416 /* CreateChatView.swift in Sources */,
			);
			runOnlyForDeploymentPostprocessing = 0;
		};
		0258A88125C02CCB00DD7FD6 /* Sources */ = {
			isa = PBXSourcesBuildPhase;
			buildActionMask = 2147483647;
			files = (
				02AF348E25DAE8340031F416 /* ChatsViewModel.swift in Sources */,
				0218AF4A25C534F7006D2E49 /* ImagePicker.swift in Sources */,
				0211BA362607EC4C003170C2 /* PushNotificationManager.swift in Sources */,
				0295DDF725EAFC9B0046E389 /* KeyboardResponder.swift in Sources */,
				0218AF6825C58A72006D2E49 /* Indicator.swift in Sources */,
				0258A8EC25C1F2FA00DD7FD6 /* Verification.swift in Sources */,
				02AF34BC25E3ECBB0031F416 /* ChatView.swift in Sources */,
				0295DE0325EB98C10046E389 /* Chat.swift in Sources */,
				0295DDFC25EAFCB60046E389 /* ViewExtension.swift in Sources */,
				0211BA462609D9D9003170C2 /* PushNotificationSender.swift in Sources */,
				0211BA4F26131C50003170C2 /* MessagesView.swift in Sources */,
				0211BA7226151937003170C2 /* MessagesViewModel.swift in Sources */,
				0218AF3F25C52EE9006D2E49 /* AccountCreation.swift in Sources */,
				0295DDE325EAFAC70046E389 /* ChatViewModel.swift in Sources */,
				0211BA5D26135536003170C2 /* FavouriteCarouselView.swift in Sources */,
				0258A88C25C02CCB00DD7FD6 /* ContentView.swift in Sources */,
				0258A8E525C18C2100DD7FD6 /* AlertView.swift in Sources */,
				02AF34AF25E26BA20031F416 /* CreateChatViewModel.swift in Sources */,
				0258A8C325C0A0E300DD7FD6 /* Login.swift in Sources */,
				02AF348725DADAB80031F416 /* ChatsView.swift in Sources */,
				0295DDED25EAFC0D0046E389 /* ContentMessageView.swift in Sources */,
				0295DDE825EAFBC90046E389 /* MessageView.swift in Sources */,
				0258A88A25C02CCB00DD7FD6 /* AuroraApp.swift in Sources */,
				02DC4EA7261CE44700BF7EF2 /* FavouriteCarouselViewModel.swift in Sources */,
				0218AF5A25C53653006D2E49 /* User.swift in Sources */,
				0295DE0A25EB9A470046E389 /* UserView.swift in Sources */,
				0258A8D125C0D85600DD7FD6 /* Countries.swift in Sources */,
				0211BA562613505D003170C2 /* SearchView.swift in Sources */,
				0295DDF225EAFC440046E389 /* Message.swift in Sources */,
				02160169261700500004AFDD /* ChatsCellView.swift in Sources */,
				0258A8CB25C0D6E600DD7FD6 /* LoginViewModel.swift in Sources */,
				0211BA642613AB74003170C2 /* MessageListView.swift in Sources */,
				02AF34AA25E2662B0031F416 /* CreateChatView.swift in Sources */,
			);
			runOnlyForDeploymentPostprocessing = 0;
		};
/* End PBXSourcesBuildPhase section */

/* Begin XCBuildConfiguration section */
		0258A88F25C02CCB00DD7FD6 /* Debug */ = {
			isa = XCBuildConfiguration;
			buildSettings = {
				ALWAYS_SEARCH_USER_PATHS = NO;
				CLANG_ANALYZER_NONNULL = YES;
				CLANG_ANALYZER_NUMBER_OBJECT_CONVERSION = YES_AGGRESSIVE;
				CLANG_CXX_LANGUAGE_STANDARD = "gnu++14";
				CLANG_CXX_LIBRARY = "libc++";
				CLANG_ENABLE_MODULES = YES;
				CLANG_ENABLE_OBJC_ARC = YES;
				CLANG_ENABLE_OBJC_WEAK = YES;
				CLANG_WARN_BLOCK_CAPTURE_AUTORELEASING = YES;
				CLANG_WARN_BOOL_CONVERSION = YES;
				CLANG_WARN_COMMA = YES;
				CLANG_WARN_CONSTANT_CONVERSION = YES;
				CLANG_WARN_DEPRECATED_OBJC_IMPLEMENTATIONS = YES;
				CLANG_WARN_DIRECT_OBJC_ISA_USAGE = YES_ERROR;
				CLANG_WARN_DOCUMENTATION_COMMENTS = YES;
				CLANG_WARN_EMPTY_BODY = YES;
				CLANG_WARN_ENUM_CONVERSION = YES;
				CLANG_WARN_INFINITE_RECURSION = YES;
				CLANG_WARN_INT_CONVERSION = YES;
				CLANG_WARN_NON_LITERAL_NULL_CONVERSION = YES;
				CLANG_WARN_OBJC_IMPLICIT_RETAIN_SELF = YES;
				CLANG_WARN_OBJC_LITERAL_CONVERSION = YES;
				CLANG_WARN_OBJC_ROOT_CLASS = YES_ERROR;
				CLANG_WARN_QUOTED_INCLUDE_IN_FRAMEWORK_HEADER = YES;
				CLANG_WARN_RANGE_LOOP_ANALYSIS = YES;
				CLANG_WARN_STRICT_PROTOTYPES = YES;
				CLANG_WARN_SUSPICIOUS_MOVE = YES;
				CLANG_WARN_UNGUARDED_AVAILABILITY = YES_AGGRESSIVE;
				CLANG_WARN_UNREACHABLE_CODE = YES;
				CLANG_WARN__DUPLICATE_METHOD_MATCH = YES;
				COPY_PHASE_STRIP = NO;
				DEBUG_INFORMATION_FORMAT = dwarf;
				ENABLE_STRICT_OBJC_MSGSEND = YES;
				ENABLE_TESTABILITY = YES;
				GCC_C_LANGUAGE_STANDARD = gnu11;
				GCC_DYNAMIC_NO_PIC = NO;
				GCC_NO_COMMON_BLOCKS = YES;
				GCC_OPTIMIZATION_LEVEL = 0;
				GCC_PREPROCESSOR_DEFINITIONS = (
					"DEBUG=1",
					"$(inherited)",
				);
				GCC_WARN_64_TO_32_BIT_CONVERSION = YES;
				GCC_WARN_ABOUT_RETURN_TYPE = YES_ERROR;
				GCC_WARN_UNDECLARED_SELECTOR = YES;
				GCC_WARN_UNINITIALIZED_AUTOS = YES_AGGRESSIVE;
				GCC_WARN_UNUSED_FUNCTION = YES;
				GCC_WARN_UNUSED_VARIABLE = YES;
				MTL_ENABLE_DEBUG_INFO = INCLUDE_SOURCE;
				MTL_FAST_MATH = YES;
				ONLY_ACTIVE_ARCH = YES;
				SWIFT_ACTIVE_COMPILATION_CONDITIONS = DEBUG;
				SWIFT_OPTIMIZATION_LEVEL = "-Onone";
			};
			name = Debug;
		};
		0258A89025C02CCB00DD7FD6 /* Release */ = {
			isa = XCBuildConfiguration;
			buildSettings = {
				ALWAYS_SEARCH_USER_PATHS = NO;
				CLANG_ANALYZER_NONNULL = YES;
				CLANG_ANALYZER_NUMBER_OBJECT_CONVERSION = YES_AGGRESSIVE;
				CLANG_CXX_LANGUAGE_STANDARD = "gnu++14";
				CLANG_CXX_LIBRARY = "libc++";
				CLANG_ENABLE_MODULES = YES;
				CLANG_ENABLE_OBJC_ARC = YES;
				CLANG_ENABLE_OBJC_WEAK = YES;
				CLANG_WARN_BLOCK_CAPTURE_AUTORELEASING = YES;
				CLANG_WARN_BOOL_CONVERSION = YES;
				CLANG_WARN_COMMA = YES;
				CLANG_WARN_CONSTANT_CONVERSION = YES;
				CLANG_WARN_DEPRECATED_OBJC_IMPLEMENTATIONS = YES;
				CLANG_WARN_DIRECT_OBJC_ISA_USAGE = YES_ERROR;
				CLANG_WARN_DOCUMENTATION_COMMENTS = YES;
				CLANG_WARN_EMPTY_BODY = YES;
				CLANG_WARN_ENUM_CONVERSION = YES;
				CLANG_WARN_INFINITE_RECURSION = YES;
				CLANG_WARN_INT_CONVERSION = YES;
				CLANG_WARN_NON_LITERAL_NULL_CONVERSION = YES;
				CLANG_WARN_OBJC_IMPLICIT_RETAIN_SELF = YES;
				CLANG_WARN_OBJC_LITERAL_CONVERSION = YES;
				CLANG_WARN_OBJC_ROOT_CLASS = YES_ERROR;
				CLANG_WARN_QUOTED_INCLUDE_IN_FRAMEWORK_HEADER = YES;
				CLANG_WARN_RANGE_LOOP_ANALYSIS = YES;
				CLANG_WARN_STRICT_PROTOTYPES = YES;
				CLANG_WARN_SUSPICIOUS_MOVE = YES;
				CLANG_WARN_UNGUARDED_AVAILABILITY = YES_AGGRESSIVE;
				CLANG_WARN_UNREACHABLE_CODE = YES;
				CLANG_WARN__DUPLICATE_METHOD_MATCH = YES;
				COPY_PHASE_STRIP = NO;
				DEBUG_INFORMATION_FORMAT = "dwarf-with-dsym";
				ENABLE_NS_ASSERTIONS = NO;
				ENABLE_STRICT_OBJC_MSGSEND = YES;
				GCC_C_LANGUAGE_STANDARD = gnu11;
				GCC_NO_COMMON_BLOCKS = YES;
				GCC_WARN_64_TO_32_BIT_CONVERSION = YES;
				GCC_WARN_ABOUT_RETURN_TYPE = YES_ERROR;
				GCC_WARN_UNDECLARED_SELECTOR = YES;
				GCC_WARN_UNINITIALIZED_AUTOS = YES_AGGRESSIVE;
				GCC_WARN_UNUSED_FUNCTION = YES;
				GCC_WARN_UNUSED_VARIABLE = YES;
				MTL_ENABLE_DEBUG_INFO = NO;
				MTL_FAST_MATH = YES;
				SWIFT_COMPILATION_MODE = wholemodule;
				SWIFT_OPTIMIZATION_LEVEL = "-O";
			};
			name = Release;
		};
		0258A89225C02CCB00DD7FD6 /* Debug */ = {
			isa = XCBuildConfiguration;
			buildSettings = {
				ASSETCATALOG_COMPILER_APPICON_NAME = AppIcon;
				ASSETCATALOG_COMPILER_GLOBAL_ACCENT_COLOR_NAME = AccentColor;
				CODE_SIGN_ENTITLEMENTS = Aurora.entitlements;
				CODE_SIGN_STYLE = Automatic;
				DEBUG_INFORMATION_FORMAT = "dwarf-with-dsym";
				DEVELOPMENT_TEAM = S9H4B38ZQN;
				ENABLE_PREVIEWS = YES;
				INFOPLIST_FILE = iOS/Info.plist;
				IPHONEOS_DEPLOYMENT_TARGET = 14.0;
				LD_RUNPATH_SEARCH_PATHS = (
					"$(inherited)",
					"@executable_path/Frameworks",
				);
				OTHER_LDFLAGS = "-ObjC";
				PRODUCT_BUNDLE_IDENTIFIER = uk.co.krisreid.Aurora;
				PRODUCT_NAME = Aurora;
				SDKROOT = iphoneos;
				SWIFT_VERSION = 5.0;
				TARGETED_DEVICE_FAMILY = 1;
			};
			name = Debug;
		};
		0258A89325C02CCB00DD7FD6 /* Release */ = {
			isa = XCBuildConfiguration;
			buildSettings = {
				ASSETCATALOG_COMPILER_APPICON_NAME = AppIcon;
				ASSETCATALOG_COMPILER_GLOBAL_ACCENT_COLOR_NAME = AccentColor;
				CODE_SIGN_ENTITLEMENTS = Aurora.entitlements;
				CODE_SIGN_STYLE = Automatic;
				DEVELOPMENT_TEAM = S9H4B38ZQN;
				ENABLE_PREVIEWS = YES;
				INFOPLIST_FILE = iOS/Info.plist;
				IPHONEOS_DEPLOYMENT_TARGET = 14.0;
				LD_RUNPATH_SEARCH_PATHS = (
					"$(inherited)",
					"@executable_path/Frameworks",
				);
				OTHER_LDFLAGS = "-ObjC";
				PRODUCT_BUNDLE_IDENTIFIER = uk.co.krisreid.Aurora;
				PRODUCT_NAME = Aurora;
				SDKROOT = iphoneos;
				SWIFT_VERSION = 5.0;
				TARGETED_DEVICE_FAMILY = 1;
				VALIDATE_PRODUCT = YES;
			};
			name = Release;
		};
		0258A89525C02CCB00DD7FD6 /* Debug */ = {
			isa = XCBuildConfiguration;
			buildSettings = {
				ASSETCATALOG_COMPILER_APPICON_NAME = AppIcon;
				ASSETCATALOG_COMPILER_GLOBAL_ACCENT_COLOR_NAME = AccentColor;
				CODE_SIGN_ENTITLEMENTS = macOS/macOS.entitlements;
				CODE_SIGN_IDENTITY = "-";
				CODE_SIGN_STYLE = Automatic;
				COMBINE_HIDPI_IMAGES = YES;
				DEVELOPMENT_TEAM = S9H4B38ZQN;
				ENABLE_HARDENED_RUNTIME = YES;
				ENABLE_PREVIEWS = YES;
				INFOPLIST_FILE = macOS/Info.plist;
				LD_RUNPATH_SEARCH_PATHS = (
					"$(inherited)",
					"@executable_path/../Frameworks",
				);
				MACOSX_DEPLOYMENT_TARGET = 11.0;
				PRODUCT_BUNDLE_IDENTIFIER = uk.co.krisreid.Aurora;
				PRODUCT_NAME = Aurora;
				SDKROOT = macosx;
				SWIFT_VERSION = 5.0;
			};
			name = Debug;
		};
		0258A89625C02CCB00DD7FD6 /* Release */ = {
			isa = XCBuildConfiguration;
			buildSettings = {
				ASSETCATALOG_COMPILER_APPICON_NAME = AppIcon;
				ASSETCATALOG_COMPILER_GLOBAL_ACCENT_COLOR_NAME = AccentColor;
				CODE_SIGN_ENTITLEMENTS = macOS/macOS.entitlements;
				CODE_SIGN_IDENTITY = "-";
				CODE_SIGN_STYLE = Automatic;
				COMBINE_HIDPI_IMAGES = YES;
				DEVELOPMENT_TEAM = S9H4B38ZQN;
				ENABLE_HARDENED_RUNTIME = YES;
				ENABLE_PREVIEWS = YES;
				INFOPLIST_FILE = macOS/Info.plist;
				LD_RUNPATH_SEARCH_PATHS = (
					"$(inherited)",
					"@executable_path/../Frameworks",
				);
				MACOSX_DEPLOYMENT_TARGET = 11.0;
				PRODUCT_BUNDLE_IDENTIFIER = uk.co.krisreid.Aurora;
				PRODUCT_NAME = Aurora;
				SDKROOT = macosx;
				SWIFT_VERSION = 5.0;
			};
			name = Release;
		};
/* End XCBuildConfiguration section */

/* Begin XCConfigurationList section */
		0258A87425C02CCA00DD7FD6 /* Build configuration list for PBXProject "Aurora" */ = {
			isa = XCConfigurationList;
			buildConfigurations = (
				0258A88F25C02CCB00DD7FD6 /* Debug */,
				0258A89025C02CCB00DD7FD6 /* Release */,
			);
			defaultConfigurationIsVisible = 0;
			defaultConfigurationName = Release;
		};
		0258A89125C02CCB00DD7FD6 /* Build configuration list for PBXNativeTarget "Aurora (iOS)" */ = {
			isa = XCConfigurationList;
			buildConfigurations = (
				0258A89225C02CCB00DD7FD6 /* Debug */,
				0258A89325C02CCB00DD7FD6 /* Release */,
			);
			defaultConfigurationIsVisible = 0;
			defaultConfigurationName = Release;
		};
		0258A89425C02CCB00DD7FD6 /* Build configuration list for PBXNativeTarget "Aurora (macOS)" */ = {
			isa = XCConfigurationList;
			buildConfigurations = (
				0258A89525C02CCB00DD7FD6 /* Debug */,
				0258A89625C02CCB00DD7FD6 /* Release */,
			);
			defaultConfigurationIsVisible = 0;
			defaultConfigurationName = Release;
		};
/* End XCConfigurationList section */

/* Begin XCRemoteSwiftPackageReference section */
		0211BA172607D5A8003170C2 /* XCRemoteSwiftPackageReference "SDWebImageSwiftUI" */ = {
			isa = XCRemoteSwiftPackageReference;
			repositoryURL = "https://github.com/SDWebImage/SDWebImageSwiftUI";
			requirement = {
				kind = upToNextMajorVersion;
				minimumVersion = 2.0.2;
			};
		};
		0211BA1E2607D611003170C2 /* XCRemoteSwiftPackageReference "firebase-ios-sdk" */ = {
			isa = XCRemoteSwiftPackageReference;
			repositoryURL = "https://github.com/firebase/firebase-ios-sdk.git";
			requirement = {
				kind = upToNextMajorVersion;
				minimumVersion = 7.8.1;
			};
		};
/* End XCRemoteSwiftPackageReference section */

/* Begin XCSwiftPackageProductDependency section */
		0211BA182607D5A8003170C2 /* SDWebImageSwiftUI */ = {
			isa = XCSwiftPackageProductDependency;
			package = 0211BA172607D5A8003170C2 /* XCRemoteSwiftPackageReference "SDWebImageSwiftUI" */;
			productName = SDWebImageSwiftUI;
		};
		0211BA1F2607D611003170C2 /* FirebaseFirestore */ = {
			isa = XCSwiftPackageProductDependency;
			package = 0211BA1E2607D611003170C2 /* XCRemoteSwiftPackageReference "firebase-ios-sdk" */;
			productName = FirebaseFirestore;
		};
		0211BA212607D611003170C2 /* FirebaseFirestoreSwift-Beta */ = {
			isa = XCSwiftPackageProductDependency;
			package = 0211BA1E2607D611003170C2 /* XCRemoteSwiftPackageReference "firebase-ios-sdk" */;
			productName = "FirebaseFirestoreSwift-Beta";
		};
		0211BA232607D611003170C2 /* FirebaseAnalytics */ = {
			isa = XCSwiftPackageProductDependency;
			package = 0211BA1E2607D611003170C2 /* XCRemoteSwiftPackageReference "firebase-ios-sdk" */;
			productName = FirebaseAnalytics;
		};
		0211BA252607D611003170C2 /* FirebaseStorageSwift-Beta */ = {
			isa = XCSwiftPackageProductDependency;
			package = 0211BA1E2607D611003170C2 /* XCRemoteSwiftPackageReference "firebase-ios-sdk" */;
			productName = "FirebaseStorageSwift-Beta";
		};
		0211BA272607D611003170C2 /* FirebaseStorage */ = {
			isa = XCSwiftPackageProductDependency;
			package = 0211BA1E2607D611003170C2 /* XCRemoteSwiftPackageReference "firebase-ios-sdk" */;
			productName = FirebaseStorage;
		};
		0211BA292607D611003170C2 /* FirebaseCrashlytics */ = {
			isa = XCSwiftPackageProductDependency;
			package = 0211BA1E2607D611003170C2 /* XCRemoteSwiftPackageReference "firebase-ios-sdk" */;
			productName = FirebaseCrashlytics;
		};
		0211BA2B2607D611003170C2 /* FirebaseAuth */ = {
			isa = XCSwiftPackageProductDependency;
			package = 0211BA1E2607D611003170C2 /* XCRemoteSwiftPackageReference "firebase-ios-sdk" */;
			productName = FirebaseAuth;
		};
		0211BA2D2607D611003170C2 /* FirebaseMessaging */ = {
			isa = XCSwiftPackageProductDependency;
			package = 0211BA1E2607D611003170C2 /* XCRemoteSwiftPackageReference "firebase-ios-sdk" */;
			productName = FirebaseMessaging;
		};
/* End XCSwiftPackageProductDependency section */
	};
	rootObject = 0258A87125C02CCA00DD7FD6 /* Project object */;
}
